
Microsoft Visual Studio Solution File, Format Version 12.00
# Visual Studio 15
VisualStudioVersion = 15.0.26403.7
MinimumVisualStudioVersion = 10.0.40219.1
Project("{9A19103F-16F7-4668-BE54-9A1E7A4F7556}") = "RefernceAssemblyNetStandard", "ReferenceAssemblyNetStandard\RefernceAssemblyNetStandard.csproj", "{A927A18D-21D3-4A1A-8D3C-A0B6AA7738E7}"
EndProject
Project("{9A19103F-16F7-4668-BE54-9A1E7A4F7556}") = "AssemblyToProcessNetStandard", "AssemblyToProcessNetStandard\AssemblyToProcessNetStandard.csproj", "{CB0393DD-3617-4F72-881F-23F18CCE8222}"
EndProject
Global
	GlobalSection(SolutionConfigurationPlatforms) = preSolution
		Debug|Any CPU = Debug|Any CPU
		Release|Any CPU = Release|Any CPU
	EndGlobalSection
	GlobalSection(ProjectConfigurationPlatforms) = postSolution
		{A927A18D-21D3-4A1A-8D3C-A0B6AA7738E7}.Debug|Any CPU.ActiveCfg = Debug|Any CPU
		{A927A18D-21D3-4A1A-8D3C-A0B6AA7738E7}.Debug|Any CPU.Build.0 = Debug|Any CPU
		{A927A18D-21D3-4A1A-8D3C-A0B6AA7738E7}.Release|Any CPU.ActiveCfg = Release|Any CPU
		{A927A18D-21D3-4A1A-8D3C-A0B6AA7738E7}.Release|Any CPU.Build.0 = Release|Any CPU
		{CB0393DD-3617-4F72-881F-23F18CCE8222}.Debug|Any CPU.ActiveCfg = Debug|Any CPU
		{CB0393DD-3617-4F72-881F-23F18CCE8222}.Debug|Any CPU.Build.0 = Debug|Any CPU
		{CB0393DD-3617-4F72-881F-23F18CCE8222}.Release|Any CPU.ActiveCfg = Release|Any CPU
		{CB0393DD-3617-4F72-881F-23F18CCE8222}.Release|Any CPU.Build.0 = Release|Any CPU
	EndGlobalSection
	GlobalSection(SolutionProperties) = preSolution
		HideSolutionNode = FALSE
	EndGlobalSection
EndGlobal
